
Microsoft Visual Studio Solution File, Format Version 11.00
# Visual Studio 2010
Project("{FAE04EC0-301F-11D3-BF4B-00C04F79EFBC}") = "Unity.Timeline", "Unity.Timeline.csproj", "{363cfe84-3870-7b6e-9d9d-315c3f49be4b}"
EndProject
Project("{FAE04EC0-301F-11D3-BF4B-00C04F79EFBC}") = "Unity.Timeline.Editor", "Unity.Timeline.Editor.csproj", "{b8bead2a-9f46-5507-590c-1bf32e9ac159}"
EndProject
Project("{FAE04EC0-301F-11D3-BF4B-00C04F79EFBC}") = "Unity.TextMeshPro.Editor", "Unity.TextMeshPro.Editor.csproj", "{e0dc46bd-95ea-fb3e-8a36-e19ed99de9c8}"
EndProject
Project("{FAE04EC0-301F-11D3-BF4B-00C04F79EFBC}") = "Unity.VisualScripting.Flow", "Unity.VisualScripting.Flow.csproj", "{8e818c58-abbf-1e12-44d2-a773634b37ba}"
EndProject
Project("{FAE04EC0-301F-11D3-BF4B-00C04F79EFBC}") = "UnityEditor.UI", "UnityEditor.UI.csproj", "{3e5dd538-f024-7cd2-d49f-b180101d1ead}"
EndProject
Project("{FAE04EC0-301F-11D3-BF4B-00C04F79EFBC}") = "Unity.PlasticSCM.Editor", "Unity.PlasticSCM.Editor.csproj", "{5ad94da0-6ce7-e8f7-f60f-27ff6a8af197}"
EndProject
Project("{FAE04EC0-301F-11D3-BF4B-00C04F79EFBC}") = "Unity.VisualScripting.Core", "Unity.VisualScripting.Core.csproj", "{a9f5e8fc-7262-1630-1a18-065c253755b4}"
EndProject
Project("{FAE04EC0-301F-11D3-BF4B-00C04F79EFBC}") = "Unity.VisualScripting.Core.Editor", "Unity.VisualScripting.Core.Editor.csproj", "{c56f97bd-2e74-8013-6b86-2ef27db5bbda}"
EndProject
Project("{FAE04EC0-301F-11D3-BF4B-00C04F79EFBC}") = "Unity.VisualScripting.Flow.Editor", "Unity.VisualScripting.Flow.Editor.csproj", "{02e57bc5-bf69-bd89-f56d-d09a8f342c05}"
EndProject
Project("{FAE04EC0-301F-11D3-BF4B-00C04F79EFBC}") = "UnityEditor.TestRunner", "UnityEditor.TestRunner.csproj", "{cb4f816a-d39d-c49e-d447-115b6a8ed88b}"
EndProject
Project("{FAE04EC0-301F-11D3-BF4B-00C04F79EFBC}") = "Unity.VisualScripting.SettingsProvider.Editor", "Unity.VisualScripting.SettingsProvider.Editor.csproj", "{f751aab0-a95f-241f-69c2-d557c38272dc}"
EndProject
Project("{FAE04EC0-301F-11D3-BF4B-00C04F79EFBC}") = "UnityEngine.TestRunner", "UnityEngine.TestRunner.csproj", "{a539438a-0f71-e369-607c-e783375070e6}"
EndProject
Project("{FAE04EC0-301F-11D3-BF4B-00C04F79EFBC}") = "UnityEngine.UI", "UnityEngine.UI.csproj", "{7c0f88ad-6808-fae1-6b90-9ff7d31b2f64}"
EndProject
Project("{FAE04EC0-301F-11D3-BF4B-00C04F79EFBC}") = "Unity.VisualStudio.Editor", "Unity.VisualStudio.Editor.csproj", "{ab6cc6a1-3c98-1424-20b6-3898b6005ed6}"
EndProject
Project("{FAE04EC0-301F-11D3-BF4B-00C04F79EFBC}") = "Unity.TestTools.CodeCoverage.Editor.OpenCover.Model", "Unity.TestTools.CodeCoverage.Editor.OpenCover.Model.csproj", "{3a977c1e-e1f4-a093-d122-4f6173ef9b3a}"
EndProject
Project("{FAE04EC0-301F-11D3-BF4B-00C04F79EFBC}") = "Unity.Rider.Editor", "Unity.Rider.Editor.csproj", "{163d2658-5aa8-2c0f-9955-b7c59c4bda09}"
EndProject
Project("{FAE04EC0-301F-11D3-BF4B-00C04F79EFBC}") = "Unity.VisualScripting.State.Editor", "Unity.VisualScripting.State.Editor.csproj", "{062cfdcc-83f6-8eee-fc4c-f3d11100e500}"
EndProject
Project("{FAE04EC0-301F-11D3-BF4B-00C04F79EFBC}") = "Unity.TestTools.CodeCoverage.Editor", "Unity.TestTools.CodeCoverage.Editor.csproj", "{22ad01b8-9a7a-3ea6-e3ab-105a7f47f967}"
EndProject
Project("{FAE04EC0-301F-11D3-BF4B-00C04F79EFBC}") = "Unity.VisualScripting.State", "Unity.VisualScripting.State.csproj", "{d18afbe7-dcb3-2d8d-290e-b9dfcab76c89}"
EndProject
Project("{FAE04EC0-301F-11D3-BF4B-00C04F79EFBC}") = "Unity.TextMeshPro", "Unity.TextMeshPro.csproj", "{6f61e4c1-8df7-9cdd-68cd-a901312d94a4}"
EndProject
Project("{FAE04EC0-301F-11D3-BF4B-00C04F79EFBC}") = "Unity.Performance.Profile-Analyzer.Editor", "Unity.Performance.Profile-Analyzer.Editor.csproj", "{70c80129-31ae-26b8-9080-e8dffeeb2d44}"
EndProject
Project("{FAE04EC0-301F-11D3-BF4B-00C04F79EFBC}") = "Unity.VSCode.Editor", "Unity.VSCode.Editor.csproj", "{1aef42f9-2976-b70b-3563-5825e0538bde}"
EndProject
Project("{FAE04EC0-301F-11D3-BF4B-00C04F79EFBC}") = "Unity.TestTools.CodeCoverage.Editor.OpenCover.Mono.Reflection", "Unity.TestTools.CodeCoverage.Editor.OpenCover.Mono.Reflection.csproj", "{4ba00270-0fad-1475-a7ed-60385b3392b2}"
EndProject
Project("{FAE04EC0-301F-11D3-BF4B-00C04F79EFBC}") = "Unity.Settings.Editor", "Unity.Settings.Editor.csproj", "{ffb2afa8-acc2-5f23-aab5-ff25895668af}"
EndProject
Project("{FAE04EC0-301F-11D3-BF4B-00C04F79EFBC}") = "Unity.EditorCoroutines.Editor", "Unity.EditorCoroutines.Editor.csproj", "{a0220a32-aa6f-9e66-c857-8e2188682f25}"
EndProject
Project("{FAE04EC0-301F-11D3-BF4B-00C04F79EFBC}") = "Unity.VisualScripting.Shared.Editor", "Unity.VisualScripting.Shared.Editor.csproj", "{ddf111c4-cd10-9328-f3ab-0170a8157e10}"
EndProject
Project("{FAE04EC0-301F-11D3-BF4B-00C04F79EFBC}") = "Unity.CollabProxy.Editor", "Unity.CollabProxy.Editor.csproj", "{ce30fb29-f1a8-353a-dbdb-1d4a04e12205}"
EndProject
Project("{FAE04EC0-301F-11D3-BF4B-00C04F79EFBC}") = "Unity.Timeline", "Unity.Timeline.Player.csproj", "{789e5c3a-be39-a5e7-9a67-fb9e78fa2926}"
EndProject
Project("{FAE04EC0-301F-11D3-BF4B-00C04F79EFBC}") = "Unity.VisualScripting.Flow", "Unity.VisualScripting.Flow.Player.csproj", "{85d5d677-e133-4d92-fc5f-62925fc18b4f}"
EndProject
Project("{FAE04EC0-301F-11D3-BF4B-00C04F79EFBC}") = "Unity.VisualScripting.Core", "Unity.VisualScripting.Core.Player.csproj", "{abe89da4-528d-7233-26ae-f547a820290b}"
EndProject
Project("{FAE04EC0-301F-11D3-BF4B-00C04F79EFBC}") = "UnityEngine.TestRunner", "UnityEngine.TestRunner.Player.csproj", "{b6d340d4-d2a5-4118-acf5-11682f51b654}"
EndProject
Project("{FAE04EC0-301F-11D3-BF4B-00C04F79EFBC}") = "UnityEngine.UI", "UnityEngine.UI.Player.csproj", "{24c98576-0c84-04d6-740a-3e5742044264}"
EndProject
Project("{FAE04EC0-301F-11D3-BF4B-00C04F79EFBC}") = "Unity.VisualScripting.State", "Unity.VisualScripting.State.Player.csproj", "{01027f8a-fb0a-8b35-cc5e-2ce5495fe9ee}"
EndProject
Project("{FAE04EC0-301F-11D3-BF4B-00C04F79EFBC}") = "Unity.TextMeshPro", "Unity.TextMeshPro.Player.csproj", "{b769faeb-d46c-4f03-2ce4-cab94958ddd7}"
EndProject
Project("{FAE04EC0-301F-11D3-BF4B-00C04F79EFBC}") = "Assembly-CSharp-Editor", "Assembly-CSharp-Editor.csproj", "{99ea03a6-6db9-3d16-9673-018fdde73bec}"
EndProject
Project("{FAE04EC0-301F-11D3-BF4B-00C04F79EFBC}") = "Assembly-CSharp", "Assembly-CSharp.csproj", "{a7bfd72c-3a22-a1e3-e727-e103c7d371ff}"
EndProject
Project("{FAE04EC0-301F-11D3-BF4B-00C04F79EFBC}") = "Unity.TestTools.CodeCoverage.Editor.Compatibility", "Unity.TestTools.CodeCoverage.Editor.Compatibility.csproj", "{2cff916b-eedb-b0ec-103a-9784ab5bb44c}"
EndProject
Project("{FAE04EC0-301F-11D3-BF4B-00C04F79EFBC}") = "Unity.TextMeshPro.Editor.Tests", "Unity.TextMeshPro.Editor.Tests.csproj", "{10c7a0b7-d911-4457-c3c8-7a063bb7acc3}"
EndProject
Project("{FAE04EC0-301F-11D3-BF4B-00C04F79EFBC}") = "DocCodeExamples", "DocCodeExamples.csproj", "{34098d89-00d1-f654-3b19-d0732f05f549}"
EndProject
Project("{FAE04EC0-301F-11D3-BF4B-00C04F79EFBC}") = "Unity.Performance.Profile-Analyzer.EditorTests", "Unity.Performance.Profile-Analyzer.EditorTests.csproj", "{e78bb8d5-6103-e010-3454-cba67a8d4977}"
EndProject
Project("{FAE04EC0-301F-11D3-BF4B-00C04F79EFBC}") = "Unity.Settings.Tests", "Unity.Settings.Tests.csproj", "{bcc0dcac-5d78-7bb4-d6f8-cb30b8af60ab}"
EndProject
Project("{FAE04EC0-301F-11D3-BF4B-00C04F79EFBC}") = "UnityEngine.UI.Tests", "UnityEngine.UI.Tests.csproj", "{e546154b-ffd2-32c9-06a0-7429fd31bfb6}"
EndProject
Project("{FAE04EC0-301F-11D3-BF4B-00C04F79EFBC}") = "Unity.TextMeshPro.Tests", "Unity.TextMeshPro.Tests.csproj", "{05540092-283e-dd3c-3ef9-293d9dbff63b}"
EndProject
Project("{FAE04EC0-301F-11D3-BF4B-00C04F79EFBC}") = "UnityEditor.UI.EditorTests", "UnityEditor.UI.EditorTests.csproj", "{d2a1e599-1ff2-6fb6-7830-119618b38c00}"
EndProject
Global
	GlobalSection(SolutionConfigurationPlatforms) = preSolution
		Debug|Any CPU = Debug|Any CPU
	EndGlobalSection
	GlobalSection(ProjectConfigurationPlatforms) = postSolution
		{363cfe84-3870-7b6e-9d9d-315c3f49be4b}.Debug|Any CPU.ActiveCfg = Debug|Any CPU
		{363cfe84-3870-7b6e-9d9d-315c3f49be4b}.Debug|Any CPU.Build.0 = Debug|Any CPU
		{b8bead2a-9f46-5507-590c-1bf32e9ac159}.Debug|Any CPU.ActiveCfg = Debug|Any CPU
		{b8bead2a-9f46-5507-590c-1bf32e9ac159}.Debug|Any CPU.Build.0 = Debug|Any CPU
		{e0dc46bd-95ea-fb3e-8a36-e19ed99de9c8}.Debug|Any CPU.ActiveCfg = Debug|Any CPU
		{e0dc46bd-95ea-fb3e-8a36-e19ed99de9c8}.Debug|Any CPU.Build.0 = Debug|Any CPU
		{8e818c58-abbf-1e12-44d2-a773634b37ba}.Debug|Any CPU.ActiveCfg = Debug|Any CPU
		{8e818c58-abbf-1e12-44d2-a773634b37ba}.Debug|Any CPU.Build.0 = Debug|Any CPU
		{3e5dd538-f024-7cd2-d49f-b180101d1ead}.Debug|Any CPU.ActiveCfg = Debug|Any CPU
		{3e5dd538-f024-7cd2-d49f-b180101d1ead}.Debug|Any CPU.Build.0 = Debug|Any CPU
		{5ad94da0-6ce7-e8f7-f60f-27ff6a8af197}.Debug|Any CPU.ActiveCfg = Debug|Any CPU
		{5ad94da0-6ce7-e8f7-f60f-27ff6a8af197}.Debug|Any CPU.Build.0 = Debug|Any CPU
		{a9f5e8fc-7262-1630-1a18-065c253755b4}.Debug|Any CPU.ActiveCfg = Debug|Any CPU
		{a9f5e8fc-7262-1630-1a18-065c253755b4}.Debug|Any CPU.Build.0 = Debug|Any CPU
		{c56f97bd-2e74-8013-6b86-2ef27db5bbda}.Debug|Any CPU.ActiveCfg = Debug|Any CPU
		{c56f97bd-2e74-8013-6b86-2ef27db5bbda}.Debug|Any CPU.Build.0 = Debug|Any CPU
		{02e57bc5-bf69-bd89-f56d-d09a8f342c05}.Debug|Any CPU.ActiveCfg = Debug|Any CPU
		{02e57bc5-bf69-bd89-f56d-d09a8f342c05}.Debug|Any CPU.Build.0 = Debug|Any CPU
		{cb4f816a-d39d-c49e-d447-115b6a8ed88b}.Debug|Any CPU.ActiveCfg = Debug|Any CPU
		{cb4f816a-d39d-c49e-d447-115b6a8ed88b}.Debug|Any CPU.Build.0 = Debug|Any CPU
		{f751aab0-a95f-241f-69c2-d557c38272dc}.Debug|Any CPU.ActiveCfg = Debug|Any CPU
		{f751aab0-a95f-241f-69c2-d557c38272dc}.Debug|Any CPU.Build.0 = Debug|Any CPU
		{a539438a-0f71-e369-607c-e783375070e6}.Debug|Any CPU.ActiveCfg = Debug|Any CPU
		{a539438a-0f71-e369-607c-e783375070e6}.Debug|Any CPU.Build.0 = Debug|Any CPU
		{7c0f88ad-6808-fae1-6b90-9ff7d31b2f64}.Debug|Any CPU.ActiveCfg = Debug|Any CPU
		{7c0f88ad-6808-fae1-6b90-9ff7d31b2f64}.Debug|Any CPU.Build.0 = Debug|Any CPU
		{ab6cc6a1-3c98-1424-20b6-3898b6005ed6}.Debug|Any CPU.ActiveCfg = Debug|Any CPU
		{ab6cc6a1-3c98-1424-20b6-3898b6005ed6}.Debug|Any CPU.Build.0 = Debug|Any CPU
		{3a977c1e-e1f4-a093-d122-4f6173ef9b3a}.Debug|Any CPU.ActiveCfg = Debug|Any CPU
		{3a977c1e-e1f4-a093-d122-4f6173ef9b3a}.Debug|Any CPU.Build.0 = Debug|Any CPU
		{163d2658-5aa8-2c0f-9955-b7c59c4bda09}.Debug|Any CPU.ActiveCfg = Debug|Any CPU
		{163d2658-5aa8-2c0f-9955-b7c59c4bda09}.Debug|Any CPU.Build.0 = Debug|Any CPU
		{062cfdcc-83f6-8eee-fc4c-f3d11100e500}.Debug|Any CPU.ActiveCfg = Debug|Any CPU
		{062cfdcc-83f6-8eee-fc4c-f3d11100e500}.Debug|Any CPU.Build.0 = Debug|Any CPU
		{22ad01b8-9a7a-3ea6-e3ab-105a7f47f967}.Debug|Any CPU.ActiveCfg = Debug|Any CPU
		{22ad01b8-9a7a-3ea6-e3ab-105a7f47f967}.Debug|Any CPU.Build.0 = Debug|Any CPU
		{d18afbe7-dcb3-2d8d-290e-b9dfcab76c89}.Debug|Any CPU.ActiveCfg = Debug|Any CPU
		{d18afbe7-dcb3-2d8d-290e-b9dfcab76c89}.Debug|Any CPU.Build.0 = Debug|Any CPU
		{6f61e4c1-8df7-9cdd-68cd-a901312d94a4}.Debug|Any CPU.ActiveCfg = Debug|Any CPU
		{6f61e4c1-8df7-9cdd-68cd-a901312d94a4}.Debug|Any CPU.Build.0 = Debug|Any CPU
		{70c80129-31ae-26b8-9080-e8dffeeb2d44}.Debug|Any CPU.ActiveCfg = Debug|Any CPU
		{70c80129-31ae-26b8-9080-e8dffeeb2d44}.Debug|Any CPU.Build.0 = Debug|Any CPU
		{1aef42f9-2976-b70b-3563-5825e0538bde}.Debug|Any CPU.ActiveCfg = Debug|Any CPU
		{1aef42f9-2976-b70b-3563-5825e0538bde}.Debug|Any CPU.Build.0 = Debug|Any CPU
		{4ba00270-0fad-1475-a7ed-60385b3392b2}.Debug|Any CPU.ActiveCfg = Debug|Any CPU
		{4ba00270-0fad-1475-a7ed-60385b3392b2}.Debug|Any CPU.Build.0 = Debug|Any CPU
		{ffb2afa8-acc2-5f23-aab5-ff25895668af}.Debug|Any CPU.ActiveCfg = Debug|Any CPU
		{ffb2afa8-acc2-5f23-aab5-ff25895668af}.Debug|Any CPU.Build.0 = Debug|Any CPU
		{a0220a32-aa6f-9e66-c857-8e2188682f25}.Debug|Any CPU.ActiveCfg = Debug|Any CPU
		{a0220a32-aa6f-9e66-c857-8e2188682f25}.Debug|Any CPU.Build.0 = Debug|Any CPU
		{ddf111c4-cd10-9328-f3ab-0170a8157e10}.Debug|Any CPU.ActiveCfg = Debug|Any CPU
		{ddf111c4-cd10-9328-f3ab-0170a8157e10}.Debug|Any CPU.Build.0 = Debug|Any CPU
		{ce30fb29-f1a8-353a-dbdb-1d4a04e12205}.Debug|Any CPU.ActiveCfg = Debug|Any CPU
		{ce30fb29-f1a8-353a-dbdb-1d4a04e12205}.Debug|Any CPU.Build.0 = Debug|Any CPU
		{789e5c3a-be39-a5e7-9a67-fb9e78fa2926}.Debug|Any CPU.ActiveCfg = Debug|Any CPU
		{789e5c3a-be39-a5e7-9a67-fb9e78fa2926}.Debug|Any CPU.Build.0 = Debug|Any CPU
		{85d5d677-e133-4d92-fc5f-62925fc18b4f}.Debug|Any CPU.ActiveCfg = Debug|Any CPU
		{85d5d677-e133-4d92-fc5f-62925fc18b4f}.Debug|Any CPU.Build.0 = Debug|Any CPU
		{abe89da4-528d-7233-26ae-f547a820290b}.Debug|Any CPU.ActiveCfg = Debug|Any CPU
		{abe89da4-528d-7233-26ae-f547a820290b}.Debug|Any CPU.Build.0 = Debug|Any CPU
		{b6d340d4-d2a5-4118-acf5-11682f51b654}.Debug|Any CPU.ActiveCfg = Debug|Any CPU
		{b6d340d4-d2a5-4118-acf5-11682f51b654}.Debug|Any CPU.Build.0 = Debug|Any CPU
		{24c98576-0c84-04d6-740a-3e5742044264}.Debug|Any CPU.ActiveCfg = Debug|Any CPU
		{24c98576-0c84-04d6-740a-3e5742044264}.Debug|Any CPU.Build.0 = Debug|Any CPU
		{01027f8a-fb0a-8b35-cc5e-2ce5495fe9ee}.Debug|Any CPU.ActiveCfg = Debug|Any CPU
		{01027f8a-fb0a-8b35-cc5e-2ce5495fe9ee}.Debug|Any CPU.Build.0 = Debug|Any CPU
		{b769faeb-d46c-4f03-2ce4-cab94958ddd7}.Debug|Any CPU.ActiveCfg = Debug|Any CPU
		{b769faeb-d46c-4f03-2ce4-cab94958ddd7}.Debug|Any CPU.Build.0 = Debug|Any CPU
		{99ea03a6-6db9-3d16-9673-018fdde73bec}.Debug|Any CPU.ActiveCfg = Debug|Any CPU
		{99ea03a6-6db9-3d16-9673-018fdde73bec}.Debug|Any CPU.Build.0 = Debug|Any CPU
		{a7bfd72c-3a22-a1e3-e727-e103c7d371ff}.Debug|Any CPU.ActiveCfg = Debug|Any CPU
		{a7bfd72c-3a22-a1e3-e727-e103c7d371ff}.Debug|Any CPU.Build.0 = Debug|Any CPU
		{2cff916b-eedb-b0ec-103a-9784ab5bb44c}.Debug|Any CPU.ActiveCfg = Debug|Any CPU
		{2cff916b-eedb-b0ec-103a-9784ab5bb44c}.Debug|Any CPU.Build.0 = Debug|Any CPU
		{10c7a0b7-d911-4457-c3c8-7a063bb7acc3}.Debug|Any CPU.ActiveCfg = Debug|Any CPU
		{10c7a0b7-d911-4457-c3c8-7a063bb7acc3}.Debug|Any CPU.Build.0 = Debug|Any CPU
		{34098d89-00d1-f654-3b19-d0732f05f549}.Debug|Any CPU.ActiveCfg = Debug|Any CPU
		{34098d89-00d1-f654-3b19-d0732f05f549}.Debug|Any CPU.Build.0 = Debug|Any CPU
		{e78bb8d5-6103-e010-3454-cba67a8d4977}.Debug|Any CPU.ActiveCfg = Debug|Any CPU
		{e78bb8d5-6103-e010-3454-cba67a8d4977}.Debug|Any CPU.Build.0 = Debug|Any CPU
		{bcc0dcac-5d78-7bb4-d6f8-cb30b8af60ab}.Debug|Any CPU.ActiveCfg = Debug|Any CPU
		{bcc0dcac-5d78-7bb4-d6f8-cb30b8af60ab}.Debug|Any CPU.Build.0 = Debug|Any CPU
		{e546154b-ffd2-32c9-06a0-7429fd31bfb6}.Debug|Any CPU.ActiveCfg = Debug|Any CPU
		{e546154b-ffd2-32c9-06a0-7429fd31bfb6}.Debug|Any CPU.Build.0 = Debug|Any CPU
		{05540092-283e-dd3c-3ef9-293d9dbff63b}.Debug|Any CPU.ActiveCfg = Debug|Any CPU
		{05540092-283e-dd3c-3ef9-293d9dbff63b}.Debug|Any CPU.Build.0 = Debug|Any CPU
		{d2a1e599-1ff2-6fb6-7830-119618b38c00}.Debug|Any CPU.ActiveCfg = Debug|Any CPU
		{d2a1e599-1ff2-6fb6-7830-119618b38c00}.Debug|Any CPU.Build.0 = Debug|Any CPU
	EndGlobalSection
	GlobalSection(SolutionProperties) = preSolution
		HideSolutionNode = FALSE
	EndGlobalSection
EndGlobal
